
Microsoft Visual Studio Solution File, Format Version 12.00
# Visual Studio Version 17
VisualStudioVersion = 17.2.32526.322
MinimumVisualStudioVersion = 10.0.40219.1
Project("{FAE04EC0-301F-11D3-BF4B-00C04F79EFBC}") = "DiPlayer-CSharp", "DiPlayer-CSharp.csproj", "{6B91901F-792D-41B2-956A-73E1DC35C1C9}"
EndProject
Global
	GlobalSection(SolutionConfigurationPlatforms) = preSolution
		Debug|Any CPU = Debug|Any CPU
		Release|Any CPU = Release|Any CPU
	EndGlobalSection
	GlobalSection(ProjectConfigurationPlatforms) = postSolution
		{6B91901F-792D-41B2-956A-73E1DC35C1C9}.Debug|Any CPU.ActiveCfg = Debug|Any CPU
		{6B91901F-792D-41B2-956A-73E1DC35C1C9}.Debug|Any CPU.Build.0 = Debug|Any CPU
		{6B91901F-792D-41B2-956A-73E1DC35C1C9}.Release|Any CPU.ActiveCfg = Release|Any CPU
		{6B91901F-792D-41B2-956A-73E1DC35C1C9}.Release|Any CPU.Build.0 = Release|Any CPU
	EndGlobalSection
	GlobalSection(SolutionProperties) = preSolution
		HideSolutionNode = FALSE
	EndGlobalSection
	GlobalSection(ExtensibilityGlobals) = postSolution
		SolutionGuid = {1B689BE0-7E24-45F8-8E47-15B01CD7194C}
	EndGlobalSection
EndGlobal
